
Microsoft Visual Studio Solution File, Format Version 12.00
# Visual Studio Version 17
VisualStudioVersion = 17.14.36202.13
MinimumVisualStudioVersion = 10.0.40219.1
Project("{2150E333-8FDC-42A3-9474-1A3956D46DE8}") = "Core", "Core", "{02EA681E-C7D8-13C7-8484-4AC65E1B71E8}"
EndProject
Project("{2150E333-8FDC-42A3-9474-1A3956D46DE8}") = "Application", "Application", "{8D84EC62-9B3D-425B-BD41-72867721D549}"
EndProject
Project("{2150E333-8FDC-42A3-9474-1A3956D46DE8}") = "Domain", "Domain", "{16B755D9-F0B7-48A3-9D6F-D21157FA0ADD}"
EndProject
Project("{2150E333-8FDC-42A3-9474-1A3956D46DE8}") = "Infrastructure", "Infrastructure", "{8CF0F700-30C9-464F-A37F-6C63EC4013E9}"
EndProject
Project("{2150E333-8FDC-42A3-9474-1A3956D46DE8}") = "Presentation", "Presentation", "{32235B64-E4EF-4918-895C-38FBCC5E72EF}"
EndProject
Project("{FAE04EC0-301F-11D3-BF4B-00C04F79EFBC}") = "MDR.Server", "MDR.Server\MDR.Server.csproj", "{C0D2AC28-B587-43A4-B06D-5F3B55CF0D28}"
EndProject
Project("{FAE04EC0-301F-11D3-BF4B-00C04F79EFBC}") = "MDR.Domain", "MDR.Domain\MDR.Domain.csproj", "{E5F15529-0D8C-429B-AF07-2020A7B8C206}"
EndProject
Project("{FAE04EC0-301F-11D3-BF4B-00C04F79EFBC}") = "MDR.Application", "MDR.Application\MDR.Application.csproj", "{CBF98DF2-A0BE-4A9D-A23C-9883069A8618}"
EndProject
Project("{FAE04EC0-301F-11D3-BF4B-00C04F79EFBC}") = "MDR.Infrastructure", "MDR.Infrastructure\MDR.Infrastructure.csproj", "{7E15A563-2477-446F-ADE8-C4CD0A2CF2CF}"
EndProject
Global
	GlobalSection(SolutionConfigurationPlatforms) = preSolution
		Debug|Any CPU = Debug|Any CPU
		Release|Any CPU = Release|Any CPU
	EndGlobalSection
	GlobalSection(ProjectConfigurationPlatforms) = postSolution
		{C0D2AC28-B587-43A4-B06D-5F3B55CF0D28}.Debug|Any CPU.ActiveCfg = Debug|Any CPU
		{C0D2AC28-B587-43A4-B06D-5F3B55CF0D28}.Debug|Any CPU.Build.0 = Debug|Any CPU
		{C0D2AC28-B587-43A4-B06D-5F3B55CF0D28}.Release|Any CPU.ActiveCfg = Release|Any CPU
		{C0D2AC28-B587-43A4-B06D-5F3B55CF0D28}.Release|Any CPU.Build.0 = Release|Any CPU
		{E5F15529-0D8C-429B-AF07-2020A7B8C206}.Debug|Any CPU.ActiveCfg = Debug|Any CPU
		{E5F15529-0D8C-429B-AF07-2020A7B8C206}.Debug|Any CPU.Build.0 = Debug|Any CPU
		{E5F15529-0D8C-429B-AF07-2020A7B8C206}.Release|Any CPU.ActiveCfg = Release|Any CPU
		{E5F15529-0D8C-429B-AF07-2020A7B8C206}.Release|Any CPU.Build.0 = Release|Any CPU
		{CBF98DF2-A0BE-4A9D-A23C-9883069A8618}.Debug|Any CPU.ActiveCfg = Debug|Any CPU
		{CBF98DF2-A0BE-4A9D-A23C-9883069A8618}.Debug|Any CPU.Build.0 = Debug|Any CPU
		{CBF98DF2-A0BE-4A9D-A23C-9883069A8618}.Release|Any CPU.ActiveCfg = Release|Any CPU
		{CBF98DF2-A0BE-4A9D-A23C-9883069A8618}.Release|Any CPU.Build.0 = Release|Any CPU
		{7E15A563-2477-446F-ADE8-C4CD0A2CF2CF}.Debug|Any CPU.ActiveCfg = Debug|Any CPU
		{7E15A563-2477-446F-ADE8-C4CD0A2CF2CF}.Debug|Any CPU.Build.0 = Debug|Any CPU
		{7E15A563-2477-446F-ADE8-C4CD0A2CF2CF}.Release|Any CPU.ActiveCfg = Release|Any CPU
		{7E15A563-2477-446F-ADE8-C4CD0A2CF2CF}.Release|Any CPU.Build.0 = Release|Any CPU
	EndGlobalSection
	GlobalSection(SolutionProperties) = preSolution
		HideSolutionNode = FALSE
	EndGlobalSection
	GlobalSection(NestedProjects) = preSolution
		{8D84EC62-9B3D-425B-BD41-72867721D549} = {02EA681E-C7D8-13C7-8484-4AC65E1B71E8}
		{16B755D9-F0B7-48A3-9D6F-D21157FA0ADD} = {02EA681E-C7D8-13C7-8484-4AC65E1B71E8}
		{C0D2AC28-B587-43A4-B06D-5F3B55CF0D28} = {32235B64-E4EF-4918-895C-38FBCC5E72EF}
		{E5F15529-0D8C-429B-AF07-2020A7B8C206} = {16B755D9-F0B7-48A3-9D6F-D21157FA0ADD}
		{CBF98DF2-A0BE-4A9D-A23C-9883069A8618} = {8D84EC62-9B3D-425B-BD41-72867721D549}
		{7E15A563-2477-446F-ADE8-C4CD0A2CF2CF} = {8CF0F700-30C9-464F-A37F-6C63EC4013E9}
	EndGlobalSection
	GlobalSection(ExtensibilityGlobals) = postSolution
		SolutionGuid = {F53CE4BE-BDC7-47D7-98AD-85C6A963CECB}
	EndGlobalSection
EndGlobal
